
Microsoft Visual Studio Solution File, Format Version 12.00
# Visual Studio 14
VisualStudioVersion = 14.0.25420.1
MinimumVisualStudioVersion = 10.0.40219.1
Project("{2150E333-8FDC-42A3-9474-1A3956D46DE8}") = "src", "src", "{3885DD6D-5C10-4F80-8965-5A6CD71A38AE}"
EndProject
Project("{2150E333-8FDC-42A3-9474-1A3956D46DE8}") = "test", "test", "{64BB8697-D6F5-4A43-9893-3D83AFD36C58}"
EndProject
Project("{2150E333-8FDC-42A3-9474-1A3956D46DE8}") = "1-Application", "1-Application", "{9E5DED89-9D10-4F8D-8072-C716E3120D42}"
EndProject
Project("{2150E333-8FDC-42A3-9474-1A3956D46DE8}") = "2-Domain", "2-Domain", "{4882001A-16B6-4B87-9869-C454B7F39B98}"
EndProject
Project("{2150E333-8FDC-42A3-9474-1A3956D46DE8}") = "3-Infrastructure", "3-Infrastructure", "{B49EFCA7-9D4C-4E0C-A646-4428A849EDC9}"
EndProject
Project("{FAE04EC0-301F-11D3-BF4B-00C04F79EFBC}") = "Dawn.Infrastructure.Interfaces", "Dawn.Infrastructure.Interfaces\Dawn.Infrastructure.Interfaces.csproj", "{3267C8D1-1DF0-4FA4-8033-2C5ABE0A0F53}"
EndProject
Project("{FAE04EC0-301F-11D3-BF4B-00C04F79EFBC}") = "Dawn.Repository.Interfaces", "Dawn.Repository.Interfaces\Dawn.Repository.Interfaces.csproj", "{558B9690-6739-41BD-A47C-6317463D079B}"
EndProject
Project("{FAE04EC0-301F-11D3-BF4B-00C04F79EFBC}") = "Dawn.Domain", "Dawn.Domain\Dawn.Domain.csproj", "{72F8B1C9-A337-4D6A-A54C-3697CF4B665A}"
EndProject
Project("{FAE04EC0-301F-11D3-BF4B-00C04F79EFBC}") = "Dawn.Domain.ValueObjects", "Dawn.Domain.ValueObjects\Dawn.Domain.ValueObjects.csproj", "{1C1BFE3D-47B7-43B8-AEE8-E38B9829EE3C}"
EndProject
Project("{FAE04EC0-301F-11D3-BF4B-00C04F79EFBC}") = "Dawn.DbContextScope", "Dawn.DbContextScope\Dawn.DbContextScope.csproj", "{57DE774C-1DB8-4EA8-A991-D51AC1E9D6DD}"
EndProject
Project("{FAE04EC0-301F-11D3-BF4B-00C04F79EFBC}") = "Dawn.Domain.DomainEvents", "Dawn.Domain.DomainEvents\Dawn.Domain.DomainEvents.csproj", "{F3BF78D6-175E-42A2-841F-7ED63904824B}"
EndProject
Project("{FAE04EC0-301F-11D3-BF4B-00C04F79EFBC}") = "Dawn.ServiceAgent", "Dawn.ServiceAgent\Dawn.ServiceAgent.csproj", "{0A432285-A531-40A2-B41B-33907230BD73}"
EndProject
Project("{FAE04EC0-301F-11D3-BF4B-00C04F79EFBC}") = "Dawn.Domain.DomainServices", "Dawn.Domain.DomainServices\Dawn.Domain.DomainServices.csproj", "{545A2CD4-D86E-4077-BC58-3ADACFED235E}"
EndProject
Project("{FAE04EC0-301F-11D3-BF4B-00C04F79EFBC}") = "Dawn.Repository.EF", "Dawn.Repository.EF\Dawn.Repository.EF.csproj", "{C60D1227-FA53-4E37-AFF8-E0D562EE4EBB}"
EndProject
Project("{FAE04EC0-301F-11D3-BF4B-00C04F79EFBC}") = "Dawn.Application.Interfaces", "Dawn.Application.Interfaces\Dawn.Application.Interfaces.csproj", "{B17FE6D6-CF52-4E3D-81EF-A2022DE6EE91}"
EndProject
Project("{FAE04EC0-301F-11D3-BF4B-00C04F79EFBC}") = "Dawn.Application.Services", "Dawn.Application.Services\Dawn.Application.Services.csproj", "{25CABB21-5196-4024-9C71-6C93408E6F51}"
EndProject
Project("{FAE04EC0-301F-11D3-BF4B-00C04F79EFBC}") = "Dawn.Tests.Consoles", "Dawn.Tests.Consoles\Dawn.Tests.Consoles.csproj", "{FBC56562-1153-4D78-98DE-9894841C372B}"
EndProject
Project("{FAE04EC0-301F-11D3-BF4B-00C04F79EFBC}") = "Dawn.Tests.Domain", "Dawn.Tests.Domain\Dawn.Tests.Domain.csproj", "{10D803ED-C658-46B3-BDE9-30F843325019}"
EndProject
Project("{FAE04EC0-301F-11D3-BF4B-00C04F79EFBC}") = "Dawn.Tests.Application", "Dawn.Tests.Application\Dawn.Tests.Application.csproj", "{7E99AF62-A1BA-41D9-9C90-EC1B0C7A39B0}"
EndProject
Project("{FAE04EC0-301F-11D3-BF4B-00C04F79EFBC}") = "Dawn.Apply.BootStrapper", "Dawn.Apply.BootStrapper\Dawn.Apply.BootStrapper.csproj", "{0D640BE7-4D26-4888-96FA-D529375DE4DC}"
EndProject
Project("{FAE04EC0-301F-11D3-BF4B-00C04F79EFBC}") = "Dawn.Domain.Commands", "Dawn.Domain.Commands\Dawn.Domain.Commands.csproj", "{BBB18B58-B0D8-4971-A0A5-8D473AB3DBEC}"
EndProject
Project("{FAE04EC0-301F-11D3-BF4B-00C04F79EFBC}") = "Dawn.CommandHandlers", "Dawn.CommandHandlers\Dawn.CommandHandlers.csproj", "{B7A59595-0511-44BB-8902-44B00E40C42A}"
EndProject
Project("{FAE04EC0-301F-11D3-BF4B-00C04F79EFBC}") = "Dawn.Application", "Dawn.Application\Dawn.Application.csproj", "{8C587584-503F-461F-B2ED-26989F523571}"
EndProject
Global
	GlobalSection(SolutionConfigurationPlatforms) = preSolution
		Debug|Any CPU = Debug|Any CPU
		Release|Any CPU = Release|Any CPU
	EndGlobalSection
	GlobalSection(ProjectConfigurationPlatforms) = postSolution
		{3267C8D1-1DF0-4FA4-8033-2C5ABE0A0F53}.Debug|Any CPU.ActiveCfg = Debug|Any CPU
		{3267C8D1-1DF0-4FA4-8033-2C5ABE0A0F53}.Debug|Any CPU.Build.0 = Debug|Any CPU
		{3267C8D1-1DF0-4FA4-8033-2C5ABE0A0F53}.Release|Any CPU.ActiveCfg = Release|Any CPU
		{3267C8D1-1DF0-4FA4-8033-2C5ABE0A0F53}.Release|Any CPU.Build.0 = Release|Any CPU
		{558B9690-6739-41BD-A47C-6317463D079B}.Debug|Any CPU.ActiveCfg = Debug|Any CPU
		{558B9690-6739-41BD-A47C-6317463D079B}.Debug|Any CPU.Build.0 = Debug|Any CPU
		{558B9690-6739-41BD-A47C-6317463D079B}.Release|Any CPU.ActiveCfg = Release|Any CPU
		{558B9690-6739-41BD-A47C-6317463D079B}.Release|Any CPU.Build.0 = Release|Any CPU
		{72F8B1C9-A337-4D6A-A54C-3697CF4B665A}.Debug|Any CPU.ActiveCfg = Debug|Any CPU
		{72F8B1C9-A337-4D6A-A54C-3697CF4B665A}.Debug|Any CPU.Build.0 = Debug|Any CPU
		{72F8B1C9-A337-4D6A-A54C-3697CF4B665A}.Release|Any CPU.ActiveCfg = Release|Any CPU
		{72F8B1C9-A337-4D6A-A54C-3697CF4B665A}.Release|Any CPU.Build.0 = Release|Any CPU
		{1C1BFE3D-47B7-43B8-AEE8-E38B9829EE3C}.Debug|Any CPU.ActiveCfg = Debug|Any CPU
		{1C1BFE3D-47B7-43B8-AEE8-E38B9829EE3C}.Debug|Any CPU.Build.0 = Debug|Any CPU
		{1C1BFE3D-47B7-43B8-AEE8-E38B9829EE3C}.Release|Any CPU.ActiveCfg = Release|Any CPU
		{1C1BFE3D-47B7-43B8-AEE8-E38B9829EE3C}.Release|Any CPU.Build.0 = Release|Any CPU
		{57DE774C-1DB8-4EA8-A991-D51AC1E9D6DD}.Debug|Any CPU.ActiveCfg = Debug|Any CPU
		{57DE774C-1DB8-4EA8-A991-D51AC1E9D6DD}.Debug|Any CPU.Build.0 = Debug|Any CPU
		{57DE774C-1DB8-4EA8-A991-D51AC1E9D6DD}.Release|Any CPU.ActiveCfg = Release|Any CPU
		{57DE774C-1DB8-4EA8-A991-D51AC1E9D6DD}.Release|Any CPU.Build.0 = Release|Any CPU
		{F3BF78D6-175E-42A2-841F-7ED63904824B}.Debug|Any CPU.ActiveCfg = Debug|Any CPU
		{F3BF78D6-175E-42A2-841F-7ED63904824B}.Debug|Any CPU.Build.0 = Debug|Any CPU
		{F3BF78D6-175E-42A2-841F-7ED63904824B}.Release|Any CPU.ActiveCfg = Release|Any CPU
		{F3BF78D6-175E-42A2-841F-7ED63904824B}.Release|Any CPU.Build.0 = Release|Any CPU
		{0A432285-A531-40A2-B41B-33907230BD73}.Debug|Any CPU.ActiveCfg = Debug|Any CPU
		{0A432285-A531-40A2-B41B-33907230BD73}.Debug|Any CPU.Build.0 = Debug|Any CPU
		{0A432285-A531-40A2-B41B-33907230BD73}.Release|Any CPU.ActiveCfg = Release|Any CPU
		{0A432285-A531-40A2-B41B-33907230BD73}.Release|Any CPU.Build.0 = Release|Any CPU
		{545A2CD4-D86E-4077-BC58-3ADACFED235E}.Debug|Any CPU.ActiveCfg = Debug|Any CPU
		{545A2CD4-D86E-4077-BC58-3ADACFED235E}.Debug|Any CPU.Build.0 = Debug|Any CPU
		{545A2CD4-D86E-4077-BC58-3ADACFED235E}.Release|Any CPU.ActiveCfg = Release|Any CPU
		{545A2CD4-D86E-4077-BC58-3ADACFED235E}.Release|Any CPU.Build.0 = Release|Any CPU
		{C60D1227-FA53-4E37-AFF8-E0D562EE4EBB}.Debug|Any CPU.ActiveCfg = Debug|Any CPU
		{C60D1227-FA53-4E37-AFF8-E0D562EE4EBB}.Debug|Any CPU.Build.0 = Debug|Any CPU
		{C60D1227-FA53-4E37-AFF8-E0D562EE4EBB}.Release|Any CPU.ActiveCfg = Release|Any CPU
		{C60D1227-FA53-4E37-AFF8-E0D562EE4EBB}.Release|Any CPU.Build.0 = Release|Any CPU
		{B17FE6D6-CF52-4E3D-81EF-A2022DE6EE91}.Debug|Any CPU.ActiveCfg = Debug|Any CPU
		{B17FE6D6-CF52-4E3D-81EF-A2022DE6EE91}.Debug|Any CPU.Build.0 = Debug|Any CPU
		{B17FE6D6-CF52-4E3D-81EF-A2022DE6EE91}.Release|Any CPU.ActiveCfg = Release|Any CPU
		{B17FE6D6-CF52-4E3D-81EF-A2022DE6EE91}.Release|Any CPU.Build.0 = Release|Any CPU
		{25CABB21-5196-4024-9C71-6C93408E6F51}.Debug|Any CPU.ActiveCfg = Debug|Any CPU
		{25CABB21-5196-4024-9C71-6C93408E6F51}.Debug|Any CPU.Build.0 = Debug|Any CPU
		{25CABB21-5196-4024-9C71-6C93408E6F51}.Release|Any CPU.ActiveCfg = Release|Any CPU
		{25CABB21-5196-4024-9C71-6C93408E6F51}.Release|Any CPU.Build.0 = Release|Any CPU
		{FBC56562-1153-4D78-98DE-9894841C372B}.Debug|Any CPU.ActiveCfg = Debug|Any CPU
		{FBC56562-1153-4D78-98DE-9894841C372B}.Debug|Any CPU.Build.0 = Debug|Any CPU
		{FBC56562-1153-4D78-98DE-9894841C372B}.Release|Any CPU.ActiveCfg = Release|Any CPU
		{FBC56562-1153-4D78-98DE-9894841C372B}.Release|Any CPU.Build.0 = Release|Any CPU
		{10D803ED-C658-46B3-BDE9-30F843325019}.Debug|Any CPU.ActiveCfg = Debug|Any CPU
		{10D803ED-C658-46B3-BDE9-30F843325019}.Debug|Any CPU.Build.0 = Debug|Any CPU
		{10D803ED-C658-46B3-BDE9-30F843325019}.Release|Any CPU.ActiveCfg = Release|Any CPU
		{10D803ED-C658-46B3-BDE9-30F843325019}.Release|Any CPU.Build.0 = Release|Any CPU
		{7E99AF62-A1BA-41D9-9C90-EC1B0C7A39B0}.Debug|Any CPU.ActiveCfg = Debug|Any CPU
		{7E99AF62-A1BA-41D9-9C90-EC1B0C7A39B0}.Debug|Any CPU.Build.0 = Debug|Any CPU
		{7E99AF62-A1BA-41D9-9C90-EC1B0C7A39B0}.Release|Any CPU.ActiveCfg = Release|Any CPU
		{7E99AF62-A1BA-41D9-9C90-EC1B0C7A39B0}.Release|Any CPU.Build.0 = Release|Any CPU
		{0D640BE7-4D26-4888-96FA-D529375DE4DC}.Debug|Any CPU.ActiveCfg = Debug|Any CPU
		{0D640BE7-4D26-4888-96FA-D529375DE4DC}.Debug|Any CPU.Build.0 = Debug|Any CPU
		{0D640BE7-4D26-4888-96FA-D529375DE4DC}.Release|Any CPU.ActiveCfg = Release|Any CPU
		{0D640BE7-4D26-4888-96FA-D529375DE4DC}.Release|Any CPU.Build.0 = Release|Any CPU
		{BBB18B58-B0D8-4971-A0A5-8D473AB3DBEC}.Debug|Any CPU.ActiveCfg = Debug|Any CPU
		{BBB18B58-B0D8-4971-A0A5-8D473AB3DBEC}.Debug|Any CPU.Build.0 = Debug|Any CPU
		{BBB18B58-B0D8-4971-A0A5-8D473AB3DBEC}.Release|Any CPU.ActiveCfg = Release|Any CPU
		{BBB18B58-B0D8-4971-A0A5-8D473AB3DBEC}.Release|Any CPU.Build.0 = Release|Any CPU
		{B7A59595-0511-44BB-8902-44B00E40C42A}.Debug|Any CPU.ActiveCfg = Debug|Any CPU
		{B7A59595-0511-44BB-8902-44B00E40C42A}.Debug|Any CPU.Build.0 = Debug|Any CPU
		{B7A59595-0511-44BB-8902-44B00E40C42A}.Release|Any CPU.ActiveCfg = Release|Any CPU
		{B7A59595-0511-44BB-8902-44B00E40C42A}.Release|Any CPU.Build.0 = Release|Any CPU
		{8C587584-503F-461F-B2ED-26989F523571}.Debug|Any CPU.ActiveCfg = Debug|Any CPU
		{8C587584-503F-461F-B2ED-26989F523571}.Debug|Any CPU.Build.0 = Debug|Any CPU
		{8C587584-503F-461F-B2ED-26989F523571}.Release|Any CPU.ActiveCfg = Release|Any CPU
		{8C587584-503F-461F-B2ED-26989F523571}.Release|Any CPU.Build.0 = Release|Any CPU
	EndGlobalSection
	GlobalSection(SolutionProperties) = preSolution
		HideSolutionNode = FALSE
	EndGlobalSection
	GlobalSection(NestedProjects) = preSolution
		{9E5DED89-9D10-4F8D-8072-C716E3120D42} = {3885DD6D-5C10-4F80-8965-5A6CD71A38AE}
		{4882001A-16B6-4B87-9869-C454B7F39B98} = {3885DD6D-5C10-4F80-8965-5A6CD71A38AE}
		{B49EFCA7-9D4C-4E0C-A646-4428A849EDC9} = {3885DD6D-5C10-4F80-8965-5A6CD71A38AE}
		{3267C8D1-1DF0-4FA4-8033-2C5ABE0A0F53} = {B49EFCA7-9D4C-4E0C-A646-4428A849EDC9}
		{558B9690-6739-41BD-A47C-6317463D079B} = {4882001A-16B6-4B87-9869-C454B7F39B98}
		{72F8B1C9-A337-4D6A-A54C-3697CF4B665A} = {4882001A-16B6-4B87-9869-C454B7F39B98}
		{1C1BFE3D-47B7-43B8-AEE8-E38B9829EE3C} = {4882001A-16B6-4B87-9869-C454B7F39B98}
		{57DE774C-1DB8-4EA8-A991-D51AC1E9D6DD} = {B49EFCA7-9D4C-4E0C-A646-4428A849EDC9}
		{F3BF78D6-175E-42A2-841F-7ED63904824B} = {4882001A-16B6-4B87-9869-C454B7F39B98}
		{0A432285-A531-40A2-B41B-33907230BD73} = {B49EFCA7-9D4C-4E0C-A646-4428A849EDC9}
		{545A2CD4-D86E-4077-BC58-3ADACFED235E} = {4882001A-16B6-4B87-9869-C454B7F39B98}
		{C60D1227-FA53-4E37-AFF8-E0D562EE4EBB} = {B49EFCA7-9D4C-4E0C-A646-4428A849EDC9}
		{B17FE6D6-CF52-4E3D-81EF-A2022DE6EE91} = {9E5DED89-9D10-4F8D-8072-C716E3120D42}
		{25CABB21-5196-4024-9C71-6C93408E6F51} = {9E5DED89-9D10-4F8D-8072-C716E3120D42}
		{FBC56562-1153-4D78-98DE-9894841C372B} = {64BB8697-D6F5-4A43-9893-3D83AFD36C58}
		{10D803ED-C658-46B3-BDE9-30F843325019} = {64BB8697-D6F5-4A43-9893-3D83AFD36C58}
		{7E99AF62-A1BA-41D9-9C90-EC1B0C7A39B0} = {64BB8697-D6F5-4A43-9893-3D83AFD36C58}
		{0D640BE7-4D26-4888-96FA-D529375DE4DC} = {B49EFCA7-9D4C-4E0C-A646-4428A849EDC9}
		{BBB18B58-B0D8-4971-A0A5-8D473AB3DBEC} = {4882001A-16B6-4B87-9869-C454B7F39B98}
		{B7A59595-0511-44BB-8902-44B00E40C42A} = {4882001A-16B6-4B87-9869-C454B7F39B98}
		{8C587584-503F-461F-B2ED-26989F523571} = {9E5DED89-9D10-4F8D-8072-C716E3120D42}
	EndGlobalSection
EndGlobal
